
Microsoft Visual Studio Solution File, Format Version 12.00
# Visual Studio Version 17
VisualStudioVersion = 17.13.35919.96 d17.13
MinimumVisualStudioVersion = 10.0.40219.1
Project("{FAE04EC0-301F-11D3-BF4B-00C04F79EFBC}") = "ApplyLog", "ApplyLog\ApplyLog.csproj", "{65CF37D7-2585-4986-B23A-1AABD47A907C}"
EndProject
Global
	GlobalSection(SolutionConfigurationPlatforms) = preSolution
		Debug|Any CPU = Debug|Any CPU
		Release|Any CPU = Release|Any CPU
	EndGlobalSection
	GlobalSection(ProjectConfigurationPlatforms) = postSolution
		{65CF37D7-2585-4986-B23A-1AABD47A907C}.Debug|Any CPU.ActiveCfg = Debug|Any CPU
		{65CF37D7-2585-4986-B23A-1AABD47A907C}.Debug|Any CPU.Build.0 = Debug|Any CPU
		{65CF37D7-2585-4986-B23A-1AABD47A907C}.Release|Any CPU.ActiveCfg = Release|Any CPU
		{65CF37D7-2585-4986-B23A-1AABD47A907C}.Release|Any CPU.Build.0 = Release|Any CPU
	EndGlobalSection
	GlobalSection(SolutionProperties) = preSolution
		HideSolutionNode = FALSE
	EndGlobalSection
	GlobalSection(ExtensibilityGlobals) = postSolution
		SolutionGuid = {724DE9F0-A69E-4238-9672-653FFE521379}
	EndGlobalSection
EndGlobal
